
Microsoft Visual Studio Solution File, Format Version 12.00
Project("{FAE04EC0-301F-11D3-BF4B-00C04F79EFBC}") = "Curs_2_1", "Curs_2_1\Curs_2_1.csproj", "{AD6D55C8-1E95-4EDE-8EEB-861978FEFE01}"
EndProject
Global
	GlobalSection(SolutionConfigurationPlatforms) = preSolution
		Debug|Any CPU = Debug|Any CPU
		Release|Any CPU = Release|Any CPU
	EndGlobalSection
	GlobalSection(ProjectConfigurationPlatforms) = postSolution
		{AD6D55C8-1E95-4EDE-8EEB-861978FEFE01}.Debug|Any CPU.ActiveCfg = Debug|Any CPU
		{AD6D55C8-1E95-4EDE-8EEB-861978FEFE01}.Debug|Any CPU.Build.0 = Debug|Any CPU
		{AD6D55C8-1E95-4EDE-8EEB-861978FEFE01}.Release|Any CPU.ActiveCfg = Release|Any CPU
		{AD6D55C8-1E95-4EDE-8EEB-861978FEFE01}.Release|Any CPU.Build.0 = Release|Any CPU
	EndGlobalSection
EndGlobal
